
Microsoft Visual Studio Solution File, Format Version 12.00
# Visual Studio Version 17
VisualStudioVersion = 17.9.34723.18
MinimumVisualStudioVersion = 10.0.40219.1
Project("{FAE04EC0-301F-11D3-BF4B-00C04F79EFBC}") = "jlicuyT1", "jlicuyT1.csproj", "{7A5743AA-12EF-409B-9020-C0FAB91EBEF8}"
EndProject
Global
	GlobalSection(SolutionConfigurationPlatforms) = preSolution
		Debug|Any CPU = Debug|Any CPU
		Release|Any CPU = Release|Any CPU
	EndGlobalSection
	GlobalSection(ProjectConfigurationPlatforms) = postSolution
		{7A5743AA-12EF-409B-9020-C0FAB91EBEF8}.Debug|Any CPU.ActiveCfg = Debug|Any CPU
		{7A5743AA-12EF-409B-9020-C0FAB91EBEF8}.Debug|Any CPU.Build.0 = Debug|Any CPU
		{7A5743AA-12EF-409B-9020-C0FAB91EBEF8}.Debug|Any CPU.Deploy.0 = Debug|Any CPU
		{7A5743AA-12EF-409B-9020-C0FAB91EBEF8}.Release|Any CPU.ActiveCfg = Release|Any CPU
		{7A5743AA-12EF-409B-9020-C0FAB91EBEF8}.Release|Any CPU.Build.0 = Release|Any CPU
		{7A5743AA-12EF-409B-9020-C0FAB91EBEF8}.Release|Any CPU.Deploy.0 = Release|Any CPU
	EndGlobalSection
	GlobalSection(SolutionProperties) = preSolution
		HideSolutionNode = FALSE
	EndGlobalSection
	GlobalSection(ExtensibilityGlobals) = postSolution
		SolutionGuid = {48ABC7E3-D90F-4ED7-BF3C-9DDBB7D30035}
	EndGlobalSection
EndGlobal
